
Microsoft Visual Studio Solution File, Format Version 12.00
# Visual Studio 2012
Project("{FAE04EC0-301F-11D3-BF4B-00C04F79EFBC}") = "InstantRiceMessenger", "InstantRiceMessenger\InstantRiceMessenger.csproj", "{5587FCA4-0651-4CE9-8796-F382D9293162}"
EndProject
Global
	GlobalSection(SolutionConfigurationPlatforms) = preSolution
		Debug|Any CPU = Debug|Any CPU
		Release|Any CPU = Release|Any CPU
	EndGlobalSection
	GlobalSection(ProjectConfigurationPlatforms) = postSolution
		{5587FCA4-0651-4CE9-8796-F382D9293162}.Debug|Any CPU.ActiveCfg = Debug|Any CPU
		{5587FCA4-0651-4CE9-8796-F382D9293162}.Debug|Any CPU.Build.0 = Debug|Any CPU
		{5587FCA4-0651-4CE9-8796-F382D9293162}.Release|Any CPU.ActiveCfg = Release|Any CPU
		{5587FCA4-0651-4CE9-8796-F382D9293162}.Release|Any CPU.Build.0 = Release|Any CPU
	EndGlobalSection
	GlobalSection(SolutionProperties) = preSolution
		HideSolutionNode = FALSE
	EndGlobalSection
EndGlobal
